
Microsoft Visual Studio Solution File, Format Version 12.00
# Visual Studio Version 16
VisualStudioVersion = 16.0.31105.61
MinimumVisualStudioVersion = 10.0.40219.1
Project("{9A19103F-16F7-4668-BE54-9A1E7A4F7556}") = "bank", "bank.csproj", "{F084F93B-E5CA-4A56-A700-FFF9699A56DE}"
EndProject
Global
	GlobalSection(SolutionConfigurationPlatforms) = preSolution
		Debug|Any CPU = Debug|Any CPU
		Release|Any CPU = Release|Any CPU
	EndGlobalSection
	GlobalSection(ProjectConfigurationPlatforms) = postSolution
		{F084F93B-E5CA-4A56-A700-FFF9699A56DE}.Debug|Any CPU.ActiveCfg = Debug|Any CPU
		{F084F93B-E5CA-4A56-A700-FFF9699A56DE}.Debug|Any CPU.Build.0 = Debug|Any CPU
		{F084F93B-E5CA-4A56-A700-FFF9699A56DE}.Release|Any CPU.ActiveCfg = Release|Any CPU
		{F084F93B-E5CA-4A56-A700-FFF9699A56DE}.Release|Any CPU.Build.0 = Release|Any CPU
	EndGlobalSection
	GlobalSection(SolutionProperties) = preSolution
		HideSolutionNode = FALSE
	EndGlobalSection
	GlobalSection(ExtensibilityGlobals) = postSolution
		SolutionGuid = {0FF5F9F0-7D44-4040-9A0E-F95BF0E818AB}
	EndGlobalSection
EndGlobal
